// !$*UTF8*$!
{
	archiveVersion = 1;
	classes = {
	};
	objectVersion = 56;
	objects = {

/* Begin PBXBuildFile section */
		8B1A0E1F2B5C000100000001 /* PlainIOSApp.swift in Sources */ = {isa = PBXBuildFile; fileRef = 8B1A0E1E2B5C000100000001 /* PlainIOSApp.swift */; };
		8B1A0E212B5C000100000001 /* ContentView.swift in Sources */ = {isa = PBXBuildFile; fileRef = 8B1A0E202B5C000100000001 /* ContentView.swift */; };
/* End PBXBuildFile section */

/* Begin PBXFileReference section */
		8B1A0E1B2B5C000100000001 /* iosApp.app */ = {isa = PBXFileReference; explicitFileType = wrapper.application; includeInIndex = 0; path = iosApp.app; sourceTree = BUILT_PRODUCTS_DIR; };
		8B1A0E1E2B5C000100000001 /* PlainIOSApp.swift */ = {isa = PBXFileReference; lastKnownFileType = sourcecode.swift; path = PlainIOSApp.swift; sourceTree = "<group>"; };
		8B1A0E202B5C000100000001 /* ContentView.swift */ = {isa = PBXFileReference; lastKnownFileType = sourcecode.swift; path = ContentView.swift; sourceTree = "<group>"; };
		8B1A0E222B5C000100000001 /* Info.plist */ = {isa = PBXFileReference; lastKnownFileType = text.plist.xml; path = Info.plist; sourceTree = "<group>"; };
/* End PBXFileReference section */

/* Begin PBXFrameworksBuildPhase section */
		8B1A0E182B5C000100000001 /* Frameworks */ = {
			isa = PBXFrameworksBuildPhase;
			buildActionMask = 2147483647;
			files = (
			);
			runOnlyForDeploymentPostprocessing = 0;
		};
/* End PBXFrameworksBuildPhase section */

/* Begin PBXGroup section */
		8B1A0E122B5C000100000001 = {
			isa = PBXGroup;
			children = (
				8B1A0E1D2B5C000100000001 /* iosApp */,
				8B1A0E1C2B5C000100000001 /* Products */,
			);
			sourceTree = "<group>";
		};
		8B1A0E1C2B5C000100000001 /* Products */ = {
			isa = PBXGroup;
			children = (
				8B1A0E1B2B5C000100000001 /* iosApp.app */,
			);
			name = Products;
			sourceTree = "<group>";
		};
		8B1A0E1D2B5C000100000001 /* iosApp */ = {
			isa = PBXGroup;
			children = (
				8B1A0E1E2B5C000100000001 /* PlainIOSApp.swift */,
				8B1A0E202B5C000100000001 /* ContentView.swift */,
				8B1A0E222B5C000100000001 /* Info.plist */,
			);
			path = iosApp;
			sourceTree = "<group>";
		};
/* End PBXGroup section */

/* Begin PBXNativeTarget section */
		8B1A0E1A2B5C000100000001 /* iosApp */ = {
			isa = PBXNativeTarget;
			buildConfigurationList = 8B1A0E2B2B5C000100000001 /* Build configuration list for PBXNativeTarget "iosApp" */;
			buildPhases = (
				8B1A0E242B5C000100000001 /* Build PlainShared */,
				8B1A0E172B5C000100000001 /* Sources */,
				8B1A0E182B5C000100000001 /* Frameworks */,
				8B1A0E192B5C000100000001 /* Resources */,
				8B1A0E252B5C000100000001 /* Embed PlainShared */,
			);
			buildRules = (
			);
			dependencies = (
			);
			name = iosApp;
			productName = iosApp;
			productReference = 8B1A0E1B2B5C000100000001 /* iosApp.app */;
			productType = "com.apple.product-type.application";
		};
/* End PBXNativeTarget section */

/* Begin PBXProject section */
		8B1A0E132B5C000100000001 /* Project object */ = {
			isa = PBXProject;
			attributes = {
				BuildIndependentTargetsInParallel = 1;
				LastSwiftUpdateCheck = 1600;
				LastUpgradeCheck = 1600;
				TargetAttributes = {
					8B1A0E1A2B5C000100000001 = {
						CreatedOnToolsVersion = 16.0;
					};
				};
			};
			buildConfigurationList = 8B1A0E162B5C000100000001 /* Build configuration list for PBXProject "iosApp" */;
			compatibilityVersion = "Xcode 14.0";
			developmentRegion = en;
			hasScannedForEncodings = 0;
			knownRegions = (
				en,
				Base,
			);
			mainGroup = 8B1A0E122B5C000100000001;
			productRefGroup = 8B1A0E1C2B5C000100000001 /* Products */;
			projectDirPath = "";
			projectRoot = "";
			targets = (
				8B1A0E1A2B5C000100000001 /* iosApp */,
			);
		};
/* End PBXProject section */

/* Begin PBXResourcesBuildPhase section */
		8B1A0E192B5C000100000001 /* Resources */ = {
			isa = PBXResourcesBuildPhase;
			buildActionMask = 2147483647;
			files = (
			);
			runOnlyForDeploymentPostprocessing = 0;
		};
/* End PBXResourcesBuildPhase section */

/* Begin PBXShellScriptBuildPhase section */
		8B1A0E242B5C000100000001 /* Build PlainShared */ = {
			isa = PBXShellScriptBuildPhase;
			alwaysOutOfDate = 1;
			buildActionMask = 2147483647;
			files = (
			);
			inputFileListPaths = (
			);
			inputPaths = (
			);
			name = "Build PlainShared";
			outputFileListPaths = (
			);
			outputPaths = (
			);
			runOnlyForDeploymentPostprocessing = 0;
			shellPath = /bin/sh;
			shellScript = "cd \"$SRCROOT/..\"\n./gradlew :shared:embedAndSignAppleFrameworkForXcode\n";
		};
		8B1A0E252B5C000100000001 /* Embed PlainShared */ = {
			isa = PBXShellScriptBuildPhase;
			alwaysOutOfDate = 1;
			buildActionMask = 2147483647;
			files = (
			);
			inputFileListPaths = (
			);
			inputPaths = (
			);
			name = "Embed PlainShared";
			outputFileListPaths = (
			);
			outputPaths = (
			);
			runOnlyForDeploymentPostprocessing = 0;
			shellPath = /bin/sh;
			shellScript = "if [ \"$SDK_NAME\" = \"iphonesimulator\" ]; then\n  FRAMEWORK_PATH=\"$SRCROOT/../shared/build/xcode-frameworks/$(echo \"$CONFIGURATION\" | tr '[:upper:]' '[:lower:]')/iosSimulatorArm64/PlainShared.framework\"\nelse\n  FRAMEWORK_PATH=\"$SRCROOT/../shared/build/xcode-frameworks/$(echo \"$CONFIGURATION\" | tr '[:upper:]' '[:lower:]')/iosArm64/PlainShared.framework\"\nfi\nif [ -d \"$FRAMEWORK_PATH\" ]; then\n  mkdir -p \"$TARGET_BUILD_DIR/$FRAMEWORKS_FOLDER_PATH\"\n  rsync -a --delete \"$FRAMEWORK_PATH\" \"$TARGET_BUILD_DIR/$FRAMEWORKS_FOLDER_PATH/\"\nfi\n";
		};
/* End PBXShellScriptBuildPhase section */

/* Begin PBXSourcesBuildPhase section */
		8B1A0E172B5C000100000001 /* Sources */ = {
			isa = PBXSourcesBuildPhase;
			buildActionMask = 2147483647;
			files = (
				8B1A0E1F2B5C000100000001 /* PlainIOSApp.swift in Sources */,
				8B1A0E212B5C000100000001 /* ContentView.swift in Sources */,
			);
			runOnlyForDeploymentPostprocessing = 0;
		};
/* End PBXSourcesBuildPhase section */

/* Begin XCBuildConfiguration section */
		8B1A0E262B5C000100000001 /* Debug */ = {
			isa = XCBuildConfiguration;
			buildSettings = {
				ALWAYS_SEARCH_USER_PATHS = NO;
				CLANG_ENABLE_MODULES = YES;
				CLANG_ENABLE_OBJC_ARC = YES;
				COPY_PHASE_STRIP = NO;
				DEBUG_INFORMATION_FORMAT = dwarf;
				ENABLE_TESTABILITY = YES;
				GCC_C_LANGUAGE_STANDARD = gnu17;
				GCC_DYNAMIC_NO_PIC = NO;
				GCC_NO_COMMON_BLOCKS = YES;
				GCC_OPTIMIZATION_LEVEL = 0;
				GCC_PREPROCESSOR_DEFINITIONS = (
					"DEBUG=1",
					"$(inherited)",
				);
				IPHONEOS_DEPLOYMENT_TARGET = 17.0;
				ONLY_ACTIVE_ARCH = YES;
				SDKROOT = iphoneos;
				SWIFT_ACTIVE_COMPILATION_CONDITIONS = DEBUG;
				SWIFT_OPTIMIZATION_LEVEL = "-Onone";
			};
			name = Debug;
		};
		8B1A0E272B5C000100000001 /* Release */ = {
			isa = XCBuildConfiguration;
			buildSettings = {
				ALWAYS_SEARCH_USER_PATHS = NO;
				CLANG_ENABLE_MODULES = YES;
				CLANG_ENABLE_OBJC_ARC = YES;
				COPY_PHASE_STRIP = NO;
				DEBUG_INFORMATION_FORMAT = "dwarf-with-dsym";
				ENABLE_NS_ASSERTIONS = NO;
				GCC_C_LANGUAGE_STANDARD = gnu17;
				GCC_NO_COMMON_BLOCKS = YES;
				IPHONEOS_DEPLOYMENT_TARGET = 17.0;
				SDKROOT = iphoneos;
				SWIFT_COMPILATION_MODE = wholemodule;
				SWIFT_OPTIMIZATION_LEVEL = "-O";
				VALIDATE_PRODUCT = YES;
			};
			name = Release;
		};
		8B1A0E292B5C000100000001 /* Debug */ = {
			isa = XCBuildConfiguration;
			buildSettings = {
				CODE_SIGN_STYLE = Automatic;
				CURRENT_PROJECT_VERSION = 1;
				DEVELOPMENT_TEAM = "";
				FRAMEWORK_SEARCH_PATHS = (
					"$(inherited)",
					"$(SRCROOT)/../shared/build/xcode-frameworks/debug/iosSimulatorArm64",
					"$(SRCROOT)/../shared/build/xcode-frameworks/debug/iosArm64",
				);
				GENERATE_INFOPLIST_FILE = NO;
				INFOPLIST_FILE = iosApp/Info.plist;
				INFOPLIST_KEY_CADisableMinimumFrameDurationOnPhone = YES;
				LD_RUNPATH_SEARCH_PATHS = (
					"$(inherited)",
					"@executable_path/Frameworks",
				);
				MARKETING_VERSION = 1.0;
				OTHER_LDFLAGS = (
					"$(inherited)",
					"-framework",
					PlainShared,
				);
				PRODUCT_BUNDLE_IDENTIFIER = com.ismartcoding.plain.ios;
				PRODUCT_NAME = "$(TARGET_NAME)";
				SWIFT_VERSION = 5.0;
				TARGETED_DEVICE_FAMILY = "1,2";
			};
			name = Debug;
		};
		8B1A0E2A2B5C000100000001 /* Release */ = {
			isa = XCBuildConfiguration;
			buildSettings = {
				CODE_SIGN_STYLE = Automatic;
				CURRENT_PROJECT_VERSION = 1;
				DEVELOPMENT_TEAM = "";
				FRAMEWORK_SEARCH_PATHS = (
					"$(inherited)",
					"$(SRCROOT)/../shared/build/xcode-frameworks/release/iosArm64",
				);
				GENERATE_INFOPLIST_FILE = NO;
				INFOPLIST_FILE = iosApp/Info.plist;
				INFOPLIST_KEY_CADisableMinimumFrameDurationOnPhone = YES;
				LD_RUNPATH_SEARCH_PATHS = (
					"$(inherited)",
					"@executable_path/Frameworks",
				);
				MARKETING_VERSION = 1.0;
				OTHER_LDFLAGS = (
					"$(inherited)",
					"-framework",
					PlainShared,
				);
				PRODUCT_BUNDLE_IDENTIFIER = com.ismartcoding.plain.ios;
				PRODUCT_NAME = "$(TARGET_NAME)";
				SWIFT_VERSION = 5.0;
				TARGETED_DEVICE_FAMILY = "1,2";
			};
			name = Release;
		};
/* End XCBuildConfiguration section */

/* Begin XCConfigurationList section */
		8B1A0E162B5C000100000001 /* Build configuration list for PBXProject "iosApp" */ = {
			isa = XCConfigurationList;
			buildConfigurations = (
				8B1A0E262B5C000100000001 /* Debug */,
				8B1A0E272B5C000100000001 /* Release */,
			);
			defaultConfigurationIsVisible = 0;
			defaultConfigurationName = Release;
		};
		8B1A0E2B2B5C000100000001 /* Build configuration list for PBXNativeTarget "iosApp" */ = {
			isa = XCConfigurationList;
			buildConfigurations = (
				8B1A0E292B5C000100000001 /* Debug */,
				8B1A0E2A2B5C000100000001 /* Release */,
			);
			defaultConfigurationIsVisible = 0;
			defaultConfigurationName = Release;
		};
/* End XCConfigurationList section */
	};
	rootObject = 8B1A0E132B5C000100000001 /* Project object */;
}
